
Microsoft Visual Studio Solution File, Format Version 12.00
# Visual Studio Version 17
VisualStudioVersion = 17.8.34322.80
MinimumVisualStudioVersion = 10.0.40219.1
Project("{FAE04EC0-301F-11D3-BF4B-00C04F79EFBC}") = "BookShare", "BookShare\BookShare.csproj", "{FD1BABC5-94B9-445D-8ADD-B86412379FF7}"
EndProject
Global
	GlobalSection(SolutionConfigurationPlatforms) = preSolution
		Debug|Any CPU = Debug|Any CPU
		Release|Any CPU = Release|Any CPU
	EndGlobalSection
	GlobalSection(ProjectConfigurationPlatforms) = postSolution
		{FD1BABC5-94B9-445D-8ADD-B86412379FF7}.Debug|Any CPU.ActiveCfg = Debug|Any CPU
		{FD1BABC5-94B9-445D-8ADD-B86412379FF7}.Debug|Any CPU.Build.0 = Debug|Any CPU
		{FD1BABC5-94B9-445D-8ADD-B86412379FF7}.Release|Any CPU.ActiveCfg = Release|Any CPU
		{FD1BABC5-94B9-445D-8ADD-B86412379FF7}.Release|Any CPU.Build.0 = Release|Any CPU
	EndGlobalSection
	GlobalSection(SolutionProperties) = preSolution
		HideSolutionNode = FALSE
	EndGlobalSection
	GlobalSection(ExtensibilityGlobals) = postSolution
		SolutionGuid = {6B74A1F8-4F2F-4713-9E0C-D57845D6F3AF}
	EndGlobalSection
EndGlobal
